
Microsoft Visual Studio Solution File, Format Version 12.00
# Visual Studio 15
VisualStudioVersion = 15.0.28307.102
MinimumVisualStudioVersion = 10.0.40219.1
Project("{FAE04EC0-301F-11D3-BF4B-00C04F79EFBC}") = "WebMappingMaps", "WebMappingMaps\WebMappingMaps.csproj", "{8E617816-FA43-44D3-8D51-E07C6E2F176B}"
EndProject
Global
	GlobalSection(SolutionConfigurationPlatforms) = preSolution
		Debug|Any CPU = Debug|Any CPU
		Release|Any CPU = Release|Any CPU
	EndGlobalSection
	GlobalSection(ProjectConfigurationPlatforms) = postSolution
		{8E617816-FA43-44D3-8D51-E07C6E2F176B}.Debug|Any CPU.ActiveCfg = Debug|Any CPU
		{8E617816-FA43-44D3-8D51-E07C6E2F176B}.Debug|Any CPU.Build.0 = Debug|Any CPU
		{8E617816-FA43-44D3-8D51-E07C6E2F176B}.Release|Any CPU.ActiveCfg = Release|Any CPU
		{8E617816-FA43-44D3-8D51-E07C6E2F176B}.Release|Any CPU.Build.0 = Release|Any CPU
	EndGlobalSection
	GlobalSection(SolutionProperties) = preSolution
		HideSolutionNode = FALSE
	EndGlobalSection
	GlobalSection(ExtensibilityGlobals) = postSolution
		SolutionGuid = {79022BE2-9E44-44CC-99AD-4FC49EA2D245}
	EndGlobalSection
EndGlobal
